
Microsoft Visual Studio Solution File, Format Version 12.00
# Visual Studio Version 16
VisualStudioVersion = 16.6.30114.105
MinimumVisualStudioVersion = 10.0.40219.1
Project("{FAE04EC0-301F-11D3-BF4B-00C04F79EFBC}") = "Backend", "Backend\Backend.csproj", "{5E6DE9F8-FEBA-4816-BAF8-A3F49A8A35EE}"
EndProject
Project("{FAE04EC0-301F-11D3-BF4B-00C04F79EFBC}") = "Backend.Tests", "Backend.Tests\Backend.Tests.csproj", "{09245827-DAEE-4F5C-9CD6-41EBECA57117}"
EndProject
Global
	GlobalSection(SolutionConfigurationPlatforms) = preSolution
		Debug|Any CPU = Debug|Any CPU
		Debug|x64 = Debug|x64
		Debug|x86 = Debug|x86
		Release|Any CPU = Release|Any CPU
		Release|x64 = Release|x64
		Release|x86 = Release|x86
	EndGlobalSection
	GlobalSection(SolutionProperties) = preSolution
		HideSolutionNode = FALSE
	EndGlobalSection
	GlobalSection(ProjectConfigurationPlatforms) = postSolution
		{5E6DE9F8-FEBA-4816-BAF8-A3F49A8A35EE}.Debug|Any CPU.ActiveCfg = Debug|Any CPU
		{5E6DE9F8-FEBA-4816-BAF8-A3F49A8A35EE}.Debug|Any CPU.Build.0 = Debug|Any CPU
		{5E6DE9F8-FEBA-4816-BAF8-A3F49A8A35EE}.Debug|x64.ActiveCfg = Debug|Any CPU
		{5E6DE9F8-FEBA-4816-BAF8-A3F49A8A35EE}.Debug|x64.Build.0 = Debug|Any CPU
		{5E6DE9F8-FEBA-4816-BAF8-A3F49A8A35EE}.Debug|x86.ActiveCfg = Debug|Any CPU
		{5E6DE9F8-FEBA-4816-BAF8-A3F49A8A35EE}.Debug|x86.Build.0 = Debug|Any CPU
		{5E6DE9F8-FEBA-4816-BAF8-A3F49A8A35EE}.Release|Any CPU.ActiveCfg = Release|Any CPU
		{5E6DE9F8-FEBA-4816-BAF8-A3F49A8A35EE}.Release|Any CPU.Build.0 = Release|Any CPU
		{5E6DE9F8-FEBA-4816-BAF8-A3F49A8A35EE}.Release|x64.ActiveCfg = Release|Any CPU
		{5E6DE9F8-FEBA-4816-BAF8-A3F49A8A35EE}.Release|x64.Build.0 = Release|Any CPU
		{5E6DE9F8-FEBA-4816-BAF8-A3F49A8A35EE}.Release|x86.ActiveCfg = Release|Any CPU
		{5E6DE9F8-FEBA-4816-BAF8-A3F49A8A35EE}.Release|x86.Build.0 = Release|Any CPU
		{09245827-DAEE-4F5C-9CD6-41EBECA57117}.Debug|Any CPU.ActiveCfg = Debug|Any CPU
		{09245827-DAEE-4F5C-9CD6-41EBECA57117}.Debug|Any CPU.Build.0 = Debug|Any CPU
		{09245827-DAEE-4F5C-9CD6-41EBECA57117}.Debug|x64.ActiveCfg = Debug|Any CPU
		{09245827-DAEE-4F5C-9CD6-41EBECA57117}.Debug|x64.Build.0 = Debug|Any CPU
		{09245827-DAEE-4F5C-9CD6-41EBECA57117}.Debug|x86.ActiveCfg = Debug|Any CPU
		{09245827-DAEE-4F5C-9CD6-41EBECA57117}.Debug|x86.Build.0 = Debug|Any CPU
		{09245827-DAEE-4F5C-9CD6-41EBECA57117}.Release|Any CPU.ActiveCfg = Release|Any CPU
		{09245827-DAEE-4F5C-9CD6-41EBECA57117}.Release|Any CPU.Build.0 = Release|Any CPU
		{09245827-DAEE-4F5C-9CD6-41EBECA57117}.Release|x64.ActiveCfg = Release|Any CPU
		{09245827-DAEE-4F5C-9CD6-41EBECA57117}.Release|x64.Build.0 = Release|Any CPU
		{09245827-DAEE-4F5C-9CD6-41EBECA57117}.Release|x86.ActiveCfg = Release|Any CPU
		{09245827-DAEE-4F5C-9CD6-41EBECA57117}.Release|x86.Build.0 = Release|Any CPU
	EndGlobalSection
EndGlobal
